
Microsoft Visual Studio Solution File, Format Version 12.00
# Visual Studio Version 16
VisualStudioVersion = 16.0.30907.101
MinimumVisualStudioVersion = 10.0.40219.1
Project("{FAE04EC0-301F-11D3-BF4B-00C04F79EFBC}") = "forloop", "forloop.csproj", "{88960E72-422F-4A16-91CA-BBB7D2C5E1C1}"
EndProject
Global
	GlobalSection(SolutionConfigurationPlatforms) = preSolution
		Debug|Any CPU = Debug|Any CPU
		Release|Any CPU = Release|Any CPU
	EndGlobalSection
	GlobalSection(ProjectConfigurationPlatforms) = postSolution
		{88960E72-422F-4A16-91CA-BBB7D2C5E1C1}.Debug|Any CPU.ActiveCfg = Debug|Any CPU
		{88960E72-422F-4A16-91CA-BBB7D2C5E1C1}.Debug|Any CPU.Build.0 = Debug|Any CPU
		{88960E72-422F-4A16-91CA-BBB7D2C5E1C1}.Release|Any CPU.ActiveCfg = Release|Any CPU
		{88960E72-422F-4A16-91CA-BBB7D2C5E1C1}.Release|Any CPU.Build.0 = Release|Any CPU
	EndGlobalSection
	GlobalSection(SolutionProperties) = preSolution
		HideSolutionNode = FALSE
	EndGlobalSection
	GlobalSection(ExtensibilityGlobals) = postSolution
		SolutionGuid = {A70A5104-00B0-4F11-9836-238B552F0E66}
	EndGlobalSection
EndGlobal
