
Microsoft Visual Studio Solution File, Format Version 12.00
# Visual Studio Version 16
VisualStudioVersion = 16.0.30907.101
MinimumVisualStudioVersion = 10.0.40219.1
Project("{FAE04EC0-301F-11D3-BF4B-00C04F79EFBC}") = "do while", "do while.csproj", "{7414998A-2BAC-45DA-A91E-0BB95F04CA4C}"
EndProject
Global
	GlobalSection(SolutionConfigurationPlatforms) = preSolution
		Debug|Any CPU = Debug|Any CPU
		Release|Any CPU = Release|Any CPU
	EndGlobalSection
	GlobalSection(ProjectConfigurationPlatforms) = postSolution
		{7414998A-2BAC-45DA-A91E-0BB95F04CA4C}.Debug|Any CPU.ActiveCfg = Debug|Any CPU
		{7414998A-2BAC-45DA-A91E-0BB95F04CA4C}.Debug|Any CPU.Build.0 = Debug|Any CPU
		{7414998A-2BAC-45DA-A91E-0BB95F04CA4C}.Release|Any CPU.ActiveCfg = Release|Any CPU
		{7414998A-2BAC-45DA-A91E-0BB95F04CA4C}.Release|Any CPU.Build.0 = Release|Any CPU
	EndGlobalSection
	GlobalSection(SolutionProperties) = preSolution
		HideSolutionNode = FALSE
	EndGlobalSection
	GlobalSection(ExtensibilityGlobals) = postSolution
		SolutionGuid = {A0EA5D14-5037-4FBC-A4B5-471D175A1246}
	EndGlobalSection
EndGlobal
