
Microsoft Visual Studio Solution File, Format Version 12.00
# Visual Studio Version 16
VisualStudioVersion = 16.0.30907.101
MinimumVisualStudioVersion = 10.0.40219.1
Project("{FAE04EC0-301F-11D3-BF4B-00C04F79EFBC}") = "Enum", "Enum.csproj", "{D952774E-9497-4CFE-83FC-6DAFC99D514A}"
EndProject
Global
	GlobalSection(SolutionConfigurationPlatforms) = preSolution
		Debug|Any CPU = Debug|Any CPU
		Release|Any CPU = Release|Any CPU
	EndGlobalSection
	GlobalSection(ProjectConfigurationPlatforms) = postSolution
		{D952774E-9497-4CFE-83FC-6DAFC99D514A}.Debug|Any CPU.ActiveCfg = Debug|Any CPU
		{D952774E-9497-4CFE-83FC-6DAFC99D514A}.Debug|Any CPU.Build.0 = Debug|Any CPU
		{D952774E-9497-4CFE-83FC-6DAFC99D514A}.Release|Any CPU.ActiveCfg = Release|Any CPU
		{D952774E-9497-4CFE-83FC-6DAFC99D514A}.Release|Any CPU.Build.0 = Release|Any CPU
	EndGlobalSection
	GlobalSection(SolutionProperties) = preSolution
		HideSolutionNode = FALSE
	EndGlobalSection
	GlobalSection(ExtensibilityGlobals) = postSolution
		SolutionGuid = {48F9898A-6D37-4C77-B18D-58A40148F545}
	EndGlobalSection
EndGlobal
