
Microsoft Visual Studio Solution File, Format Version 12.00
# Visual Studio Version 16
VisualStudioVersion = 16.0.30907.101
MinimumVisualStudioVersion = 10.0.40219.1
Project("{FAE04EC0-301F-11D3-BF4B-00C04F79EFBC}") = "inheritance", "inheritance.csproj", "{AE6A05DA-07E8-4C6D-B0FC-E23B58253455}"
EndProject
Global
	GlobalSection(SolutionConfigurationPlatforms) = preSolution
		Debug|Any CPU = Debug|Any CPU
		Release|Any CPU = Release|Any CPU
	EndGlobalSection
	GlobalSection(ProjectConfigurationPlatforms) = postSolution
		{AE6A05DA-07E8-4C6D-B0FC-E23B58253455}.Debug|Any CPU.ActiveCfg = Debug|Any CPU
		{AE6A05DA-07E8-4C6D-B0FC-E23B58253455}.Debug|Any CPU.Build.0 = Debug|Any CPU
		{AE6A05DA-07E8-4C6D-B0FC-E23B58253455}.Release|Any CPU.ActiveCfg = Release|Any CPU
		{AE6A05DA-07E8-4C6D-B0FC-E23B58253455}.Release|Any CPU.Build.0 = Release|Any CPU
	EndGlobalSection
	GlobalSection(SolutionProperties) = preSolution
		HideSolutionNode = FALSE
	EndGlobalSection
	GlobalSection(ExtensibilityGlobals) = postSolution
		SolutionGuid = {2ABB787E-4821-4C7B-9137-8BCCFFB5D12C}
	EndGlobalSection
EndGlobal
