
Microsoft Visual Studio Solution File, Format Version 12.00
# Visual Studio Version 16
VisualStudioVersion = 16.0.30907.101
MinimumVisualStudioVersion = 10.0.40219.1
Project("{FAE04EC0-301F-11D3-BF4B-00C04F79EFBC}") = "Interface", "Interface.csproj", "{8A3A9ED1-E862-4759-B6F7-33B34D9E2839}"
EndProject
Global
	GlobalSection(SolutionConfigurationPlatforms) = preSolution
		Debug|Any CPU = Debug|Any CPU
		Release|Any CPU = Release|Any CPU
	EndGlobalSection
	GlobalSection(ProjectConfigurationPlatforms) = postSolution
		{8A3A9ED1-E862-4759-B6F7-33B34D9E2839}.Debug|Any CPU.ActiveCfg = Debug|Any CPU
		{8A3A9ED1-E862-4759-B6F7-33B34D9E2839}.Debug|Any CPU.Build.0 = Debug|Any CPU
		{8A3A9ED1-E862-4759-B6F7-33B34D9E2839}.Release|Any CPU.ActiveCfg = Release|Any CPU
		{8A3A9ED1-E862-4759-B6F7-33B34D9E2839}.Release|Any CPU.Build.0 = Release|Any CPU
	EndGlobalSection
	GlobalSection(SolutionProperties) = preSolution
		HideSolutionNode = FALSE
	EndGlobalSection
	GlobalSection(ExtensibilityGlobals) = postSolution
		SolutionGuid = {CE079ADC-D3BD-4369-A528-CBB9D46127BA}
	EndGlobalSection
EndGlobal
